{
  "name": "tracky-mouse",
  "version": "2.2.0",
  "lockfileVersion": 2,
  "requires": true,
  "packages": {
    "": {
      "name": "tracky-mouse",
      "version": "2.2.0",
      "license": "MIT",
      "devDependencies": {
        "@david18284/one-euro-filter": "^1.0.3",
        "@mediapipe/face_mesh": "^0.4.1633559619",
        "@tensorflow-models/face-landmarks-detection": "^1.0.6"
      }
    },
    "node_modules/@david18284/one-euro-filter": {
      "version": "1.0.3",
      "resolved": "https://registry.npmjs.org/@david18284/one-euro-filter/-/one-euro-filter-1.0.3.tgz",
      "integrity": "sha512-OpUDGaXpI8lg8tcq7DK/gkd/eos0pkHHCSTmU4F4CxYrRzCNaNDPoT8qS/I3TatYp/m/IkRCPyAJeDYz0JvWzg==",
      "dev": true,
      "license": "BSD-3-Clause"
    },
    "node_modules/@mediapipe/face_detection": {
      "version": "0.4.1646425229",
      "resolved": "https://registry.npmjs.org/@mediapipe/face_detection/-/face_detection-0.4.1646425229.tgz",
      "integrity": "sha512-aeCN+fRAojv9ch3NXorP6r5tcGVLR3/gC1HmtqB0WEZBRXrdP6/3W/sGR0dHr1iT6ueiK95G9PVjbzFosf/hrg==",
      "dev": true,
      "peer": true
    },
    "node_modules/@mediapipe/face_mesh": {
      "version": "0.4.1633559619",
      "resolved": "https://registry.npmjs.org/@mediapipe/face_mesh/-/face_mesh-0.4.1633559619.tgz",
      "integrity": "sha512-Vc8cdjxS5+O2gnjWH9KncYpUCVXT0h714KlWAsyqJvJbIgUJBqpppbIx8yWcAzBDxm/5cYSuBI5p5ySIPxzcEg==",
      "dev": true,
      "peer": true
    },
    "node_modules/@tensorflow-models/face-detection": {
      "version": "1.0.3",
      "resolved": "https://registry.npmjs.org/@tensorflow-models/face-detection/-/face-detection-1.0.3.tgz",
      "integrity": "sha512-4Ld/vFF8MrdFdrMWhlLKZD4hMW0PNY9OkYeqoCPNZ+LwFyenxAqVaNaWrR8JKp37vw9Nuzp4ILbkal5zPUnA0g==",
      "dev": true,
      "peer": true,
      "dependencies": {
        "rimraf": "^3.0.2",
        "tslib": "2.4.0"
      },
      "peerDependencies": {
        "@mediapipe/face_detection": "~0.4.0",
        "@tensorflow/tfjs-backend-webgl": "^4.21.0",
        "@tensorflow/tfjs-converter": "^4.21.0",
        "@tensorflow/tfjs-core": "^4.21.0"
      }
    },
    "node_modules/@tensorflow-models/face-landmarks-detection": {
      "version": "1.0.6",
      "resolved": "https://registry.npmjs.org/@tensorflow-models/face-landmarks-detection/-/face-landmarks-detection-1.0.6.tgz",
      "integrity": "sha512-CwcKcTwk/7PZ5f+9POi6dJV1osa6FvpxPduW9zw/6q0AmMhbdexTZ17qzG9SXdPONuakV1fPaiZNkXXXUDajdw==",
      "dev": true,
      "dependencies": {
        "rimraf": "^3.0.2"
      },
      "peerDependencies": {
        "@mediapipe/face_mesh": "~0.4.0",
        "@tensorflow-models/face-detection": "^1.0.3",
        "@tensorflow/tfjs-backend-webgl": "^4.13.0",
        "@tensorflow/tfjs-converter": "^4.13.0",
        "@tensorflow/tfjs-core": "^4.13.0"
      }
    },
    "node_modules/@tensorflow/tfjs-backend-cpu": {
      "version": "4.22.0",
      "resolved": "https://registry.npmjs.org/@tensorflow/tfjs-backend-cpu/-/tfjs-backend-cpu-4.22.0.tgz",
      "integrity": "sha512-1u0FmuLGuRAi8D2c3cocHTASGXOmHc/4OvoVDENJayjYkS119fcTcQf4iHrtLthWyDIPy3JiPhRrZQC9EwnhLw==",
      "dev": true,
      "dependencies": {
        "@types/seedrandom": "^2.4.28",
        "seedrandom": "^3.0.5"
      },
      "engines": {
        "yarn": ">= 1.3.2"
      },
      "peerDependencies": {
        "@tensorflow/tfjs-core": "4.22.0"
      }
    },
    "node_modules/@tensorflow/tfjs-backend-webgl": {
      "version": "4.22.0",
      "resolved": "https://registry.npmjs.org/@tensorflow/tfjs-backend-webgl/-/tfjs-backend-webgl-4.22.0.tgz",
      "integrity": "sha512-H535XtZWnWgNwSzv538czjVlbJebDl5QTMOth4RXr2p/kJ1qSIXE0vZvEtO+5EC9b00SvhplECny2yDewQb/Yg==",
      "dev": true,
      "peer": true,
      "dependencies": {
        "@tensorflow/tfjs-backend-cpu": "4.22.0",
        "@types/offscreencanvas": "~2019.3.0",
        "@types/seedrandom": "^2.4.28",
        "seedrandom": "^3.0.5"
      },
      "engines": {
        "yarn": ">= 1.3.2"
      },
      "peerDependencies": {
        "@tensorflow/tfjs-core": "4.22.0"
      }
    },
    "node_modules/@tensorflow/tfjs-converter": {
      "version": "4.22.0",
      "resolved": "https://registry.npmjs.org/@tensorflow/tfjs-converter/-/tfjs-converter-4.22.0.tgz",
      "integrity": "sha512-PT43MGlnzIo+YfbsjM79Lxk9lOq6uUwZuCc8rrp0hfpLjF6Jv8jS84u2jFb+WpUeuF4K33ZDNx8CjiYrGQ2trQ==",
      "dev": true,
      "peer": true,
      "peerDependencies": {
        "@tensorflow/tfjs-core": "4.22.0"
      }
    },
    "node_modules/@tensorflow/tfjs-core": {
      "version": "4.22.0",
      "resolved": "https://registry.npmjs.org/@tensorflow/tfjs-core/-/tfjs-core-4.22.0.tgz",
      "integrity": "sha512-LEkOyzbknKFoWUwfkr59vSB68DMJ4cjwwHgicXN0DUi3a0Vh1Er3JQqCI1Hl86GGZQvY8ezVrtDIvqR1ZFW55A==",
      "dev": true,
      "peer": true,
      "dependencies": {
        "@types/long": "^4.0.1",
        "@types/offscreencanvas": "~2019.7.0",
        "@types/seedrandom": "^2.4.28",
        "@webgpu/types": "0.1.38",
        "long": "4.0.0",
        "node-fetch": "~2.6.1",
        "seedrandom": "^3.0.5"
      },
      "engines": {
        "yarn": ">= 1.3.2"
      }
    },
    "node_modules/@tensorflow/tfjs-core/node_modules/@types/offscreencanvas": {
      "version": "2019.7.3",
      "resolved": "https://registry.npmjs.org/@types/offscreencanvas/-/offscreencanvas-2019.7.3.tgz",
      "integrity": "sha512-ieXiYmgSRXUDeOntE1InxjWyvEelZGP63M+cGuquuRLuIKKT1osnkXjxev9B7d1nXSug5vpunx+gNlbVxMlC9A==",
      "dev": true
    },
    "node_modules/@types/long": {
      "version": "4.0.2",
      "resolved": "https://registry.npmjs.org/@types/long/-/long-4.0.2.tgz",
      "integrity": "sha512-MqTGEo5bj5t157U6fA/BiDynNkn0YknVdh48CMPkTSpFTVmvao5UQmm7uEF6xBEo7qIMAlY/JSleYaE6VOdpaA==",
      "dev": true
    },
    "node_modules/@types/offscreencanvas": {
      "version": "2019.3.0",
      "resolved": "https://registry.npmjs.org/@types/offscreencanvas/-/offscreencanvas-2019.3.0.tgz",
      "integrity": "sha512-esIJx9bQg+QYF0ra8GnvfianIY8qWB0GBx54PK5Eps6m+xTj86KLavHv6qDhzKcu5UUOgNfJ2pWaIIV7TRUd9Q==",
      "dev": true
    },
    "node_modules/@types/seedrandom": {
      "version": "2.4.34",
      "resolved": "https://registry.npmjs.org/@types/seedrandom/-/seedrandom-2.4.34.tgz",
      "integrity": "sha512-ytDiArvrn/3Xk6/vtylys5tlY6eo7Ane0hvcx++TKo6RxQXuVfW0AF/oeWqAj9dN29SyhtawuXstgmPlwNcv/A==",
      "dev": true
    },
    "node_modules/@webgpu/types": {
      "version": "0.1.38",
      "resolved": "https://registry.npmjs.org/@webgpu/types/-/types-0.1.38.tgz",
      "integrity": "sha512-7LrhVKz2PRh+DD7+S+PVaFd5HxaWQvoMqBbsV9fNJO1pjUs1P8bM2vQVNfk+3URTqbuTI7gkXi0rfsN0IadoBA==",
      "dev": true
    },
    "node_modules/balanced-match": {
      "version": "1.0.2",
      "resolved": "https://registry.npmjs.org/balanced-match/-/balanced-match-1.0.2.tgz",
      "integrity": "sha512-3oSeUO0TMV67hN1AmbXsK4yaqU7tjiHlbxRDZOpH0KW9+CeX4bRAaX0Anxt0tx2MrpRpWwQaPwIlISEJhYU5Pw==",
      "dev": true
    },
    "node_modules/brace-expansion": {
      "version": "1.1.11",
      "resolved": "https://registry.npmjs.org/brace-expansion/-/brace-expansion-1.1.11.tgz",
      "integrity": "sha512-iCuPHDFgrHX7H2vEI/5xpz07zSHB00TpugqhmYtVmMO6518mCuRMoOYFldEBl0g187ufozdaHgWKcYFb61qGiA==",
      "dev": true,
      "dependencies": {
        "balanced-match": "^1.0.0",
        "concat-map": "0.0.1"
      }
    },
    "node_modules/concat-map": {
      "version": "0.0.1",
      "resolved": "https://registry.npmjs.org/concat-map/-/concat-map-0.0.1.tgz",
      "integrity": "sha512-/Srv4dswyQNBfohGpz9o6Yb3Gz3SrUDqBH5rTuhGR7ahtlbYKnVxw2bCFMRljaA7EXHaXZ8wsHdodFvbkhKmqg==",
      "dev": true
    },
    "node_modules/fs.realpath": {
      "version": "1.0.0",
      "resolved": "https://registry.npmjs.org/fs.realpath/-/fs.realpath-1.0.0.tgz",
      "integrity": "sha512-OO0pH2lK6a0hZnAdau5ItzHPI6pUlvI7jMVnxUQRtw4owF2wk8lOSabtGDCTP4Ggrg2MbGnWO9X8K1t4+fGMDw==",
      "dev": true
    },
    "node_modules/glob": {
      "version": "7.2.3",
      "resolved": "https://registry.npmjs.org/glob/-/glob-7.2.3.tgz",
      "integrity": "sha512-nFR0zLpU2YCaRxwoCJvL6UvCH2JFyFVIvwTLsIf21AuHlMskA1hhTdk+LlYJtOlYt9v6dvszD2BGRqBL+iQK9Q==",
      "deprecated": "Glob versions prior to v9 are no longer supported",
      "dev": true,
      "dependencies": {
        "fs.realpath": "^1.0.0",
        "inflight": "^1.0.4",
        "inherits": "2",
        "minimatch": "^3.1.1",
        "once": "^1.3.0",
        "path-is-absolute": "^1.0.0"
      },
      "engines": {
        "node": "*"
      },
      "funding": {
        "url": "https://github.com/sponsors/isaacs"
      }
    },
    "node_modules/inflight": {
      "version": "1.0.6",
      "resolved": "https://registry.npmjs.org/inflight/-/inflight-1.0.6.tgz",
      "integrity": "sha512-k92I/b08q4wvFscXCLvqfsHCrjrF7yiXsQuIVvVE7N82W3+aqpzuUdBbfhWcy/FZR3/4IgflMgKLOsvPDrGCJA==",
      "deprecated": "This module is not supported, and leaks memory. Do not use it. Check out lru-cache if you want a good and tested way to coalesce async requests by a key value, which is much more comprehensive and powerful.",
      "dev": true,
      "dependencies": {
        "once": "^1.3.0",
        "wrappy": "1"
      }
    },
    "node_modules/inherits": {
      "version": "2.0.4",
      "resolved": "https://registry.npmjs.org/inherits/-/inherits-2.0.4.tgz",
      "integrity": "sha512-k/vGaX4/Yla3WzyMCvTQOXYeIHvqOKtnqBduzTHpzpQZzAskKMhZ2K+EnBiSM9zGSoIFeMpXKxa4dYeZIQqewQ==",
      "dev": true
    },
    "node_modules/long": {
      "version": "4.0.0",
      "resolved": "https://registry.npmjs.org/long/-/long-4.0.0.tgz",
      "integrity": "sha512-XsP+KhQif4bjX1kbuSiySJFNAehNxgLb6hPRGJ9QsUr8ajHkuXGdrHmFUTUUXhDwVX2R5bY4JNZEwbUiMhV+MA==",
      "dev": true
    },
    "node_modules/minimatch": {
      "version": "3.1.2",
      "resolved": "https://registry.npmjs.org/minimatch/-/minimatch-3.1.2.tgz",
      "integrity": "sha512-J7p63hRiAjw1NDEww1W7i37+ByIrOWO5XQQAzZ3VOcL0PNybwpfmV/N05zFAzwQ9USyEcX6t3UO+K5aqBQOIHw==",
      "dev": true,
      "dependencies": {
        "brace-expansion": "^1.1.7"
      },
      "engines": {
        "node": "*"
      }
    },
    "node_modules/node-fetch": {
      "version": "2.6.13",
      "resolved": "https://registry.npmjs.org/node-fetch/-/node-fetch-2.6.13.tgz",
      "integrity": "sha512-StxNAxh15zr77QvvkmveSQ8uCQ4+v5FkvNTj0OESmiHu+VRi/gXArXtkWMElOsOUNLtUEvI4yS+rdtOHZTwlQA==",
      "dev": true,
      "dependencies": {
        "whatwg-url": "^5.0.0"
      },
      "engines": {
        "node": "4.x || >=6.0.0"
      },
      "peerDependencies": {
        "encoding": "^0.1.0"
      },
      "peerDependenciesMeta": {
        "encoding": {
          "optional": true
        }
      }
    },
    "node_modules/once": {
      "version": "1.4.0",
      "resolved": "https://registry.npmjs.org/once/-/once-1.4.0.tgz",
      "integrity": "sha512-lNaJgI+2Q5URQBkccEKHTQOPaXdUxnZZElQTZY0MFUAuaEqe1E+Nyvgdz/aIyNi6Z9MzO5dv1H8n58/GELp3+w==",
      "dev": true,
      "dependencies": {
        "wrappy": "1"
      }
    },
    "node_modules/path-is-absolute": {
      "version": "1.0.1",
      "resolved": "https://registry.npmjs.org/path-is-absolute/-/path-is-absolute-1.0.1.tgz",
      "integrity": "sha512-AVbw3UJ2e9bq64vSaS9Am0fje1Pa8pbGqTTsmXfaIiMpnr5DlDhfJOuLj9Sf95ZPVDAUerDfEk88MPmPe7UCQg==",
      "dev": true,
      "engines": {
        "node": ">=0.10.0"
      }
    },
    "node_modules/rimraf": {
      "version": "3.0.2",
      "resolved": "https://registry.npmjs.org/rimraf/-/rimraf-3.0.2.tgz",
      "integrity": "sha512-JZkJMZkAGFFPP2YqXZXPbMlMBgsxzE8ILs4lMIX/2o0L9UBw9O/Y3o6wFw/i9YLapcUJWwqbi3kdxIPdC62TIA==",
      "deprecated": "Rimraf versions prior to v4 are no longer supported",
      "dev": true,
      "dependencies": {
        "glob": "^7.1.3"
      },
      "bin": {
        "rimraf": "bin.js"
      },
      "funding": {
        "url": "https://github.com/sponsors/isaacs"
      }
    },
    "node_modules/seedrandom": {
      "version": "3.0.5",
      "resolved": "https://registry.npmjs.org/seedrandom/-/seedrandom-3.0.5.tgz",
      "integrity": "sha512-8OwmbklUNzwezjGInmZ+2clQmExQPvomqjL7LFqOYqtmuxRgQYqOD3mHaU+MvZn5FLUeVxVfQjwLZW/n/JFuqg==",
      "dev": true
    },
    "node_modules/tr46": {
      "version": "0.0.3",
      "resolved": "https://registry.npmjs.org/tr46/-/tr46-0.0.3.tgz",
      "integrity": "sha512-N3WMsuqV66lT30CrXNbEjx4GEwlow3v6rr4mCcv6prnfwhS01rkgyFdjPNBYd9br7LpXV1+Emh01fHnq2Gdgrw==",
      "dev": true
    },
    "node_modules/tslib": {
      "version": "2.4.0",
      "resolved": "https://registry.npmjs.org/tslib/-/tslib-2.4.0.tgz",
      "integrity": "sha512-d6xOpEDfsi2CZVlPQzGeux8XMwLT9hssAsaPYExaQMuYskwb+x1x7J371tWlbBdWHroy99KnVB6qIkUbs5X3UQ==",
      "dev": true
    },
    "node_modules/webidl-conversions": {
      "version": "3.0.1",
      "resolved": "https://registry.npmjs.org/webidl-conversions/-/webidl-conversions-3.0.1.tgz",
      "integrity": "sha512-2JAn3z8AR6rjK8Sm8orRC0h/bcl/DqL7tRPdGZ4I1CjdF+EaMLmYxBHyXuKL849eucPFhvBoxMsflfOb8kxaeQ==",
      "dev": true
    },
    "node_modules/whatwg-url": {
      "version": "5.0.0",
      "resolved": "https://registry.npmjs.org/whatwg-url/-/whatwg-url-5.0.0.tgz",
      "integrity": "sha512-saE57nupxk6v3HY35+jzBwYa0rKSy0XR8JSxZPwgLr7ys0IBzhGviA1/TUGJLmSVqs8pb9AnvICXEuOHLprYTw==",
      "dev": true,
      "dependencies": {
        "tr46": "~0.0.3",
        "webidl-conversions": "^3.0.0"
      }
    },
    "node_modules/wrappy": {
      "version": "1.0.2",
      "resolved": "https://registry.npmjs.org/wrappy/-/wrappy-1.0.2.tgz",
      "integrity": "sha512-l4Sp/DRseor9wL6EvV2+TuQn63dMkPjZ/sp9XkghTEbV9KlPS1xUsZ3u7/IQO4wxtcFB4bgpQPRcR3QCvezPcQ==",
      "dev": true
    }
  },
  "dependencies": {
    "@david18284/one-euro-filter": {
      "version": "1.0.3",
      "resolved": "https://registry.npmjs.org/@david18284/one-euro-filter/-/one-euro-filter-1.0.3.tgz",
      "integrity": "sha512-OpUDGaXpI8lg8tcq7DK/gkd/eos0pkHHCSTmU4F4CxYrRzCNaNDPoT8qS/I3TatYp/m/IkRCPyAJeDYz0JvWzg==",
      "dev": true
    },
    "@mediapipe/face_detection": {
      "version": "0.4.1646425229",
      "resolved": "https://registry.npmjs.org/@mediapipe/face_detection/-/face_detection-0.4.1646425229.tgz",
      "integrity": "sha512-aeCN+fRAojv9ch3NXorP6r5tcGVLR3/gC1HmtqB0WEZBRXrdP6/3W/sGR0dHr1iT6ueiK95G9PVjbzFosf/hrg==",
      "dev": true,
      "peer": true
    },
    "@mediapipe/face_mesh": {
      "version": "0.4.1633559619",
      "resolved": "https://registry.npmjs.org/@mediapipe/face_mesh/-/face_mesh-0.4.1633559619.tgz",
      "integrity": "sha512-Vc8cdjxS5+O2gnjWH9KncYpUCVXT0h714KlWAsyqJvJbIgUJBqpppbIx8yWcAzBDxm/5cYSuBI5p5ySIPxzcEg==",
      "dev": true,
      "peer": true
    },
    "@tensorflow-models/face-detection": {
      "version": "1.0.3",
      "resolved": "https://registry.npmjs.org/@tensorflow-models/face-detection/-/face-detection-1.0.3.tgz",
      "integrity": "sha512-4Ld/vFF8MrdFdrMWhlLKZD4hMW0PNY9OkYeqoCPNZ+LwFyenxAqVaNaWrR8JKp37vw9Nuzp4ILbkal5zPUnA0g==",
      "dev": true,
      "peer": true,
      "requires": {
        "rimraf": "^3.0.2",
        "tslib": "2.4.0"
      }
    },
    "@tensorflow-models/face-landmarks-detection": {
      "version": "1.0.6",
      "resolved": "https://registry.npmjs.org/@tensorflow-models/face-landmarks-detection/-/face-landmarks-detection-1.0.6.tgz",
      "integrity": "sha512-CwcKcTwk/7PZ5f+9POi6dJV1osa6FvpxPduW9zw/6q0AmMhbdexTZ17qzG9SXdPONuakV1fPaiZNkXXXUDajdw==",
      "dev": true,
      "requires": {
        "rimraf": "^3.0.2"
      }
    },
    "@tensorflow/tfjs-backend-cpu": {
      "version": "4.22.0",
      "resolved": "https://registry.npmjs.org/@tensorflow/tfjs-backend-cpu/-/tfjs-backend-cpu-4.22.0.tgz",
      "integrity": "sha512-1u0FmuLGuRAi8D2c3cocHTASGXOmHc/4OvoVDENJayjYkS119fcTcQf4iHrtLthWyDIPy3JiPhRrZQC9EwnhLw==",
      "dev": true,
      "requires": {
        "@types/seedrandom": "^2.4.28",
        "seedrandom": "^3.0.5"
      }
    },
    "@tensorflow/tfjs-backend-webgl": {
      "version": "4.22.0",
      "resolved": "https://registry.npmjs.org/@tensorflow/tfjs-backend-webgl/-/tfjs-backend-webgl-4.22.0.tgz",
      "integrity": "sha512-H535XtZWnWgNwSzv538czjVlbJebDl5QTMOth4RXr2p/kJ1qSIXE0vZvEtO+5EC9b00SvhplECny2yDewQb/Yg==",
      "dev": true,
      "peer": true,
      "requires": {
        "@tensorflow/tfjs-backend-cpu": "4.22.0",
        "@types/offscreencanvas": "~2019.3.0",
        "@types/seedrandom": "^2.4.28",
        "seedrandom": "^3.0.5"
      }
    },
    "@tensorflow/tfjs-converter": {
      "version": "4.22.0",
      "resolved": "https://registry.npmjs.org/@tensorflow/tfjs-converter/-/tfjs-converter-4.22.0.tgz",
      "integrity": "sha512-PT43MGlnzIo+YfbsjM79Lxk9lOq6uUwZuCc8rrp0hfpLjF6Jv8jS84u2jFb+WpUeuF4K33ZDNx8CjiYrGQ2trQ==",
      "dev": true,
      "peer": true,
      "requires": {}
    },
    "@tensorflow/tfjs-core": {
      "version": "4.22.0",
      "resolved": "https://registry.npmjs.org/@tensorflow/tfjs-core/-/tfjs-core-4.22.0.tgz",
      "integrity": "sha512-LEkOyzbknKFoWUwfkr59vSB68DMJ4cjwwHgicXN0DUi3a0Vh1Er3JQqCI1Hl86GGZQvY8ezVrtDIvqR1ZFW55A==",
      "dev": true,
      "peer": true,
      "requires": {
        "@types/long": "^4.0.1",
        "@types/offscreencanvas": "~2019.7.0",
        "@types/seedrandom": "^2.4.28",
        "@webgpu/types": "0.1.38",
        "long": "4.0.0",
        "node-fetch": "~2.6.1",
        "seedrandom": "^3.0.5"
      },
      "dependencies": {
        "@types/offscreencanvas": {
          "version": "2019.7.3",
          "resolved": "https://registry.npmjs.org/@types/offscreencanvas/-/offscreencanvas-2019.7.3.tgz",
          "integrity": "sha512-ieXiYmgSRXUDeOntE1InxjWyvEelZGP63M+cGuquuRLuIKKT1osnkXjxev9B7d1nXSug5vpunx+gNlbVxMlC9A==",
          "dev": true
        }
      }
    },
    "@types/long": {
      "version": "4.0.2",
      "resolved": "https://registry.npmjs.org/@types/long/-/long-4.0.2.tgz",
      "integrity": "sha512-MqTGEo5bj5t157U6fA/BiDynNkn0YknVdh48CMPkTSpFTVmvao5UQmm7uEF6xBEo7qIMAlY/JSleYaE6VOdpaA==",
      "dev": true
    },
    "@types/offscreencanvas": {
      "version": "2019.3.0",
      "resolved": "https://registry.npmjs.org/@types/offscreencanvas/-/offscreencanvas-2019.3.0.tgz",
      "integrity": "sha512-esIJx9bQg+QYF0ra8GnvfianIY8qWB0GBx54PK5Eps6m+xTj86KLavHv6qDhzKcu5UUOgNfJ2pWaIIV7TRUd9Q==",
      "dev": true
    },
    "@types/seedrandom": {
      "version": "2.4.34",
      "resolved": "https://registry.npmjs.org/@types/seedrandom/-/seedrandom-2.4.34.tgz",
      "integrity": "sha512-ytDiArvrn/3Xk6/vtylys5tlY6eo7Ane0hvcx++TKo6RxQXuVfW0AF/oeWqAj9dN29SyhtawuXstgmPlwNcv/A==",
      "dev": true
    },
    "@webgpu/types": {
      "version": "0.1.38",
      "resolved": "https://registry.npmjs.org/@webgpu/types/-/types-0.1.38.tgz",
      "integrity": "sha512-7LrhVKz2PRh+DD7+S+PVaFd5HxaWQvoMqBbsV9fNJO1pjUs1P8bM2vQVNfk+3URTqbuTI7gkXi0rfsN0IadoBA==",
      "dev": true
    },
    "balanced-match": {
      "version": "1.0.2",
      "resolved": "https://registry.npmjs.org/balanced-match/-/balanced-match-1.0.2.tgz",
      "integrity": "sha512-3oSeUO0TMV67hN1AmbXsK4yaqU7tjiHlbxRDZOpH0KW9+CeX4bRAaX0Anxt0tx2MrpRpWwQaPwIlISEJhYU5Pw==",
      "dev": true
    },
    "brace-expansion": {
      "version": "1.1.11",
      "resolved": "https://registry.npmjs.org/brace-expansion/-/brace-expansion-1.1.11.tgz",
      "integrity": "sha512-iCuPHDFgrHX7H2vEI/5xpz07zSHB00TpugqhmYtVmMO6518mCuRMoOYFldEBl0g187ufozdaHgWKcYFb61qGiA==",
      "dev": true,
      "requires": {
        "balanced-match": "^1.0.0",
        "concat-map": "0.0.1"
      }
    },
    "concat-map": {
      "version": "0.0.1",
      "resolved": "https://registry.npmjs.org/concat-map/-/concat-map-0.0.1.tgz",
      "integrity": "sha512-/Srv4dswyQNBfohGpz9o6Yb3Gz3SrUDqBH5rTuhGR7ahtlbYKnVxw2bCFMRljaA7EXHaXZ8wsHdodFvbkhKmqg==",
      "dev": true
    },
    "fs.realpath": {
      "version": "1.0.0",
      "resolved": "https://registry.npmjs.org/fs.realpath/-/fs.realpath-1.0.0.tgz",
      "integrity": "sha512-OO0pH2lK6a0hZnAdau5ItzHPI6pUlvI7jMVnxUQRtw4owF2wk8lOSabtGDCTP4Ggrg2MbGnWO9X8K1t4+fGMDw==",
      "dev": true
    },
    "glob": {
      "version": "7.2.3",
      "resolved": "https://registry.npmjs.org/glob/-/glob-7.2.3.tgz",
      "integrity": "sha512-nFR0zLpU2YCaRxwoCJvL6UvCH2JFyFVIvwTLsIf21AuHlMskA1hhTdk+LlYJtOlYt9v6dvszD2BGRqBL+iQK9Q==",
      "dev": true,
      "requires": {
        "fs.realpath": "^1.0.0",
        "inflight": "^1.0.4",
        "inherits": "2",
        "minimatch": "^3.1.1",
        "once": "^1.3.0",
        "path-is-absolute": "^1.0.0"
      }
    },
    "inflight": {
      "version": "1.0.6",
      "resolved": "https://registry.npmjs.org/inflight/-/inflight-1.0.6.tgz",
      "integrity": "sha512-k92I/b08q4wvFscXCLvqfsHCrjrF7yiXsQuIVvVE7N82W3+aqpzuUdBbfhWcy/FZR3/4IgflMgKLOsvPDrGCJA==",
      "dev": true,
      "requires": {
        "once": "^1.3.0",
        "wrappy": "1"
      }
    },
    "inherits": {
      "version": "2.0.4",
      "resolved": "https://registry.npmjs.org/inherits/-/inherits-2.0.4.tgz",
      "integrity": "sha512-k/vGaX4/Yla3WzyMCvTQOXYeIHvqOKtnqBduzTHpzpQZzAskKMhZ2K+EnBiSM9zGSoIFeMpXKxa4dYeZIQqewQ==",
      "dev": true
    },
    "long": {
      "version": "4.0.0",
      "resolved": "https://registry.npmjs.org/long/-/long-4.0.0.tgz",
      "integrity": "sha512-XsP+KhQif4bjX1kbuSiySJFNAehNxgLb6hPRGJ9QsUr8ajHkuXGdrHmFUTUUXhDwVX2R5bY4JNZEwbUiMhV+MA==",
      "dev": true
    },
    "minimatch": {
      "version": "3.1.2",
      "resolved": "https://registry.npmjs.org/minimatch/-/minimatch-3.1.2.tgz",
      "integrity": "sha512-J7p63hRiAjw1NDEww1W7i37+ByIrOWO5XQQAzZ3VOcL0PNybwpfmV/N05zFAzwQ9USyEcX6t3UO+K5aqBQOIHw==",
      "dev": true,
      "requires": {
        "brace-expansion": "^1.1.7"
      }
    },
    "node-fetch": {
      "version": "2.6.13",
      "resolved": "https://registry.npmjs.org/node-fetch/-/node-fetch-2.6.13.tgz",
      "integrity": "sha512-StxNAxh15zr77QvvkmveSQ8uCQ4+v5FkvNTj0OESmiHu+VRi/gXArXtkWMElOsOUNLtUEvI4yS+rdtOHZTwlQA==",
      "dev": true,
      "requires": {
        "whatwg-url": "^5.0.0"
      }
    },
    "once": {
      "version": "1.4.0",
      "resolved": "https://registry.npmjs.org/once/-/once-1.4.0.tgz",
      "integrity": "sha512-lNaJgI+2Q5URQBkccEKHTQOPaXdUxnZZElQTZY0MFUAuaEqe1E+Nyvgdz/aIyNi6Z9MzO5dv1H8n58/GELp3+w==",
      "dev": true,
      "requires": {
        "wrappy": "1"
      }
    },
    "path-is-absolute": {
      "version": "1.0.1",
      "resolved": "https://registry.npmjs.org/path-is-absolute/-/path-is-absolute-1.0.1.tgz",
      "integrity": "sha512-AVbw3UJ2e9bq64vSaS9Am0fje1Pa8pbGqTTsmXfaIiMpnr5DlDhfJOuLj9Sf95ZPVDAUerDfEk88MPmPe7UCQg==",
      "dev": true
    },
    "rimraf": {
      "version": "3.0.2",
      "resolved": "https://registry.npmjs.org/rimraf/-/rimraf-3.0.2.tgz",
      "integrity": "sha512-JZkJMZkAGFFPP2YqXZXPbMlMBgsxzE8ILs4lMIX/2o0L9UBw9O/Y3o6wFw/i9YLapcUJWwqbi3kdxIPdC62TIA==",
      "dev": true,
      "requires": {
        "glob": "^7.1.3"
      }
    },
    "seedrandom": {
      "version": "3.0.5",
      "resolved": "https://registry.npmjs.org/seedrandom/-/seedrandom-3.0.5.tgz",
      "integrity": "sha512-8OwmbklUNzwezjGInmZ+2clQmExQPvomqjL7LFqOYqtmuxRgQYqOD3mHaU+MvZn5FLUeVxVfQjwLZW/n/JFuqg==",
      "dev": true
    },
    "tr46": {
      "version": "0.0.3",
      "resolved": "https://registry.npmjs.org/tr46/-/tr46-0.0.3.tgz",
      "integrity": "sha512-N3WMsuqV66lT30CrXNbEjx4GEwlow3v6rr4mCcv6prnfwhS01rkgyFdjPNBYd9br7LpXV1+Emh01fHnq2Gdgrw==",
      "dev": true
    },
    "tslib": {
      "version": "2.4.0",
      "resolved": "https://registry.npmjs.org/tslib/-/tslib-2.4.0.tgz",
      "integrity": "sha512-d6xOpEDfsi2CZVlPQzGeux8XMwLT9hssAsaPYExaQMuYskwb+x1x7J371tWlbBdWHroy99KnVB6qIkUbs5X3UQ==",
      "dev": true
    },
    "webidl-conversions": {
      "version": "3.0.1",
      "resolved": "https://registry.npmjs.org/webidl-conversions/-/webidl-conversions-3.0.1.tgz",
      "integrity": "sha512-2JAn3z8AR6rjK8Sm8orRC0h/bcl/DqL7tRPdGZ4I1CjdF+EaMLmYxBHyXuKL849eucPFhvBoxMsflfOb8kxaeQ==",
      "dev": true
    },
    "whatwg-url": {
      "version": "5.0.0",
      "resolved": "https://registry.npmjs.org/whatwg-url/-/whatwg-url-5.0.0.tgz",
      "integrity": "sha512-saE57nupxk6v3HY35+jzBwYa0rKSy0XR8JSxZPwgLr7ys0IBzhGviA1/TUGJLmSVqs8pb9AnvICXEuOHLprYTw==",
      "dev": true,
      "requires": {
        "tr46": "~0.0.3",
        "webidl-conversions": "^3.0.0"
      }
    },
    "wrappy": {
      "version": "1.0.2",
      "resolved": "https://registry.npmjs.org/wrappy/-/wrappy-1.0.2.tgz",
      "integrity": "sha512-l4Sp/DRseor9wL6EvV2+TuQn63dMkPjZ/sp9XkghTEbV9KlPS1xUsZ3u7/IQO4wxtcFB4bgpQPRcR3QCvezPcQ==",
      "dev": true
    }
  }
}
